
Microsoft Visual Studio Solution File, Format Version 12.00
# Visual Studio 15
VisualStudioVersion = 15.0.28307.705
MinimumVisualStudioVersion = 10.0.40219.1
Project("{FAE04EC0-301F-11D3-BF4B-00C04F79EFBC}") = "BoardF", "BoardF\BoardF.csproj", "{79D1E33C-5612-4D0D-B1D2-65FBAF8977C9}"
EndProject
Project("{FAE04EC0-301F-11D3-BF4B-00C04F79EFBC}") = "WindowGameF", "WindowGameF\WindowGameF.csproj", "{219BCCFF-595B-4654-A74F-CF3F9FB912BF}"
EndProject
Project("{FAE04EC0-301F-11D3-BF4B-00C04F79EFBC}") = "TestGameF", "TestGameF\TestGameF.csproj", "{9EFA555D-3755-44EC-9BA1-4FFD69D9AFBA}"
EndProject
Global
	GlobalSection(SolutionConfigurationPlatforms) = preSolution
		Debug|Any CPU = Debug|Any CPU
		Debug|Mixed Platforms = Debug|Mixed Platforms
		Debug|x86 = Debug|x86
		Release|Any CPU = Release|Any CPU
		Release|Mixed Platforms = Release|Mixed Platforms
		Release|x86 = Release|x86
	EndGlobalSection
	GlobalSection(ProjectConfigurationPlatforms) = postSolution
		{79D1E33C-5612-4D0D-B1D2-65FBAF8977C9}.Debug|Any CPU.ActiveCfg = Debug|Any CPU
		{79D1E33C-5612-4D0D-B1D2-65FBAF8977C9}.Debug|Any CPU.Build.0 = Debug|Any CPU
		{79D1E33C-5612-4D0D-B1D2-65FBAF8977C9}.Debug|Mixed Platforms.ActiveCfg = Debug|Any CPU
		{79D1E33C-5612-4D0D-B1D2-65FBAF8977C9}.Debug|Mixed Platforms.Build.0 = Debug|Any CPU
		{79D1E33C-5612-4D0D-B1D2-65FBAF8977C9}.Debug|x86.ActiveCfg = Debug|Any CPU
		{79D1E33C-5612-4D0D-B1D2-65FBAF8977C9}.Release|Any CPU.ActiveCfg = Release|Any CPU
		{79D1E33C-5612-4D0D-B1D2-65FBAF8977C9}.Release|Any CPU.Build.0 = Release|Any CPU
		{79D1E33C-5612-4D0D-B1D2-65FBAF8977C9}.Release|Mixed Platforms.ActiveCfg = Release|Any CPU
		{79D1E33C-5612-4D0D-B1D2-65FBAF8977C9}.Release|Mixed Platforms.Build.0 = Release|Any CPU
		{79D1E33C-5612-4D0D-B1D2-65FBAF8977C9}.Release|x86.ActiveCfg = Release|Any CPU
		{219BCCFF-595B-4654-A74F-CF3F9FB912BF}.Debug|Any CPU.ActiveCfg = Debug|x86
		{219BCCFF-595B-4654-A74F-CF3F9FB912BF}.Debug|Mixed Platforms.ActiveCfg = Debug|x86
		{219BCCFF-595B-4654-A74F-CF3F9FB912BF}.Debug|Mixed Platforms.Build.0 = Debug|x86
		{219BCCFF-595B-4654-A74F-CF3F9FB912BF}.Debug|x86.ActiveCfg = Debug|x86
		{219BCCFF-595B-4654-A74F-CF3F9FB912BF}.Debug|x86.Build.0 = Debug|x86
		{219BCCFF-595B-4654-A74F-CF3F9FB912BF}.Release|Any CPU.ActiveCfg = Release|x86
		{219BCCFF-595B-4654-A74F-CF3F9FB912BF}.Release|Mixed Platforms.ActiveCfg = Release|x86
		{219BCCFF-595B-4654-A74F-CF3F9FB912BF}.Release|Mixed Platforms.Build.0 = Release|x86
		{219BCCFF-595B-4654-A74F-CF3F9FB912BF}.Release|x86.ActiveCfg = Release|x86
		{219BCCFF-595B-4654-A74F-CF3F9FB912BF}.Release|x86.Build.0 = Release|x86
		{9EFA555D-3755-44EC-9BA1-4FFD69D9AFBA}.Debug|Any CPU.ActiveCfg = Debug|Any CPU
		{9EFA555D-3755-44EC-9BA1-4FFD69D9AFBA}.Debug|Any CPU.Build.0 = Debug|Any CPU
		{9EFA555D-3755-44EC-9BA1-4FFD69D9AFBA}.Debug|Mixed Platforms.ActiveCfg = Debug|Any CPU
		{9EFA555D-3755-44EC-9BA1-4FFD69D9AFBA}.Debug|Mixed Platforms.Build.0 = Debug|Any CPU
		{9EFA555D-3755-44EC-9BA1-4FFD69D9AFBA}.Debug|x86.ActiveCfg = Debug|Any CPU
		{9EFA555D-3755-44EC-9BA1-4FFD69D9AFBA}.Debug|x86.Build.0 = Debug|Any CPU
		{9EFA555D-3755-44EC-9BA1-4FFD69D9AFBA}.Release|Any CPU.ActiveCfg = Release|Any CPU
		{9EFA555D-3755-44EC-9BA1-4FFD69D9AFBA}.Release|Any CPU.Build.0 = Release|Any CPU
		{9EFA555D-3755-44EC-9BA1-4FFD69D9AFBA}.Release|Mixed Platforms.ActiveCfg = Release|Any CPU
		{9EFA555D-3755-44EC-9BA1-4FFD69D9AFBA}.Release|Mixed Platforms.Build.0 = Release|Any CPU
		{9EFA555D-3755-44EC-9BA1-4FFD69D9AFBA}.Release|x86.ActiveCfg = Release|Any CPU
		{9EFA555D-3755-44EC-9BA1-4FFD69D9AFBA}.Release|x86.Build.0 = Release|Any CPU
	EndGlobalSection
	GlobalSection(SolutionProperties) = preSolution
		HideSolutionNode = FALSE
	EndGlobalSection
	GlobalSection(ExtensibilityGlobals) = postSolution
		SolutionGuid = {C3CBFEB2-2D5C-4466-A3CA-DB739EF32ADE}
	EndGlobalSection
	GlobalSection(TestCaseManagementSettings) = postSolution
		CategoryFile = SolutionGameF.vsmdi
	EndGlobalSection
EndGlobal
